
Microsoft Visual Studio Solution File, Format Version 11.00
# Visual Studio 2010
Project("{8BC9CEB8-8B4A-11D0-8D11-00A0C91BC942}") = "MyFunctions", "MyFunctions\MyFunctions.vcxproj", "{74CCFEC4-0CC4-4FCD-9BD1-03DB2ED1482D}"
EndProject
Global
	GlobalSection(SolutionConfigurationPlatforms) = preSolution
		Debug|Win32 = Debug|Win32
		Release|Win32 = Release|Win32
	EndGlobalSection
	GlobalSection(ProjectConfigurationPlatforms) = postSolution
		{74CCFEC4-0CC4-4FCD-9BD1-03DB2ED1482D}.Debug|Win32.ActiveCfg = Debug|Win32
		{74CCFEC4-0CC4-4FCD-9BD1-03DB2ED1482D}.Debug|Win32.Build.0 = Debug|Win32
		{74CCFEC4-0CC4-4FCD-9BD1-03DB2ED1482D}.Release|Win32.ActiveCfg = Release|Win32
		{74CCFEC4-0CC4-4FCD-9BD1-03DB2ED1482D}.Release|Win32.Build.0 = Release|Win32
	EndGlobalSection
	GlobalSection(SolutionProperties) = preSolution
		HideSolutionNode = FALSE
	EndGlobalSection
EndGlobal
