
Microsoft Visual Studio Solution File, Format Version 11.00
# Visual Studio 2010
Project("{8BC9CEB8-8B4A-11D0-8D11-00A0C91BC942}") = "Format_Cout_2", "Format_Cout_2.vcxproj", "{E6E1D915-6C19-4191-9AEA-78C31D8E2BC9}"
EndProject
Global
	GlobalSection(SolutionConfigurationPlatforms) = preSolution
		Debug|Win32 = Debug|Win32
		Release|Win32 = Release|Win32
	EndGlobalSection
	GlobalSection(ProjectConfigurationPlatforms) = postSolution
		{E6E1D915-6C19-4191-9AEA-78C31D8E2BC9}.Debug|Win32.ActiveCfg = Debug|Win32
		{E6E1D915-6C19-4191-9AEA-78C31D8E2BC9}.Debug|Win32.Build.0 = Debug|Win32
		{E6E1D915-6C19-4191-9AEA-78C31D8E2BC9}.Release|Win32.ActiveCfg = Release|Win32
		{E6E1D915-6C19-4191-9AEA-78C31D8E2BC9}.Release|Win32.Build.0 = Release|Win32
	EndGlobalSection
	GlobalSection(SolutionProperties) = preSolution
		HideSolutionNode = FALSE
	EndGlobalSection
EndGlobal
