
Microsoft Visual Studio Solution File, Format Version 11.00
# Visual Studio 2010
Project("{911E67C6-3D85-4FCE-B560-20A9C3E3FF48}") = "ProjectThree", "ProjectThree.exe", "{3D06302E-653C-4C4C-9480-4AE8988880CB}"
	ProjectSection(DebuggerProjectSystem) = preProject
		PortSupplier = 00000000-0000-0000-0000-000000000000
		Executable = C:\CPlusPlus\ProjectThree\Debug\ProjectThree.exe
		RemoteMachine = NICHOLAS-VAIO
		StartingDirectory = C:\CPlusPlus\ProjectThree\Debug
		Environment = Default
		LaunchingEngine = 00000000-0000-0000-0000-000000000000
		LaunchSQLEngine = No
		AttachLaunchAction = No
	EndProjectSection
EndProject
Global
	GlobalSection(SolutionConfigurationPlatforms) = preSolution
		Debug|x86 = Debug|x86
	EndGlobalSection
	GlobalSection(ProjectConfigurationPlatforms) = postSolution
		{3D06302E-653C-4C4C-9480-4AE8988880CB}.Debug|x86.ActiveCfg = Debug|x86
	EndGlobalSection
	GlobalSection(SolutionProperties) = preSolution
		HideSolutionNode = FALSE
	EndGlobalSection
EndGlobal
